// !$*UTF8*$!
{
	archiveVersion = 1;
	classes = {
	};
	objectVersion = 50;
	objects = {

/* Begin PBXBuildFile section */
		DE83111F259D2E8600B19F52 /* AppDelegate.swift in Sources */ = {isa = PBXBuildFile; fileRef = DE83111E259D2E8600B19F52 /* AppDelegate.swift */; };
		DE831121259D2E8600B19F52 /* SceneDelegate.swift in Sources */ = {isa = PBXBuildFile; fileRef = DE831120259D2E8600B19F52 /* SceneDelegate.swift */; };
		DE831123259D2E8600B19F52 /* ViewController.swift in Sources */ = {isa = PBXBuildFile; fileRef = DE831122259D2E8600B19F52 /* ViewController.swift */; };
		DE831126259D2E8600B19F52 /* Main.storyboard in Resources */ = {isa = PBXBuildFile; fileRef = DE831124259D2E8600B19F52 /* Main.storyboard */; };
		DE831128259D2E8A00B19F52 /* Assets.xcassets in Resources */ = {isa = PBXBuildFile; fileRef = DE831127259D2E8A00B19F52 /* Assets.xcassets */; };
		DE83112B259D2E8A00B19F52 /* LaunchScreen.storyboard in Resources */ = {isa = PBXBuildFile; fileRef = DE831129259D2E8A00B19F52 /* LaunchScreen.storyboard */; };
		DE831136259D2E8A00B19F52 /* PreworkTests.swift in Sources */ = {isa = PBXBuildFile; fileRef = DE831135259D2E8A00B19F52 /* PreworkTests.swift */; };
		DE831141259D2E8A00B19F52 /* PreworkUITests.swift in Sources */ = {isa = PBXBuildFile; fileRef = DE831140259D2E8A00B19F52 /* PreworkUITests.swift */; };
/* End PBXBuildFile section */

/* Begin PBXContainerItemProxy section */
		DE831132259D2E8A00B19F52 /* PBXContainerItemProxy */ = {
			isa = PBXContainerItemProxy;
			containerPortal = DE831113259D2E8600B19F52 /* Project object */;
			proxyType = 1;
			remoteGlobalIDString = DE83111A259D2E8600B19F52;
			remoteInfo = Prework;
		};
		DE83113D259D2E8A00B19F52 /* PBXContainerItemProxy */ = {
			isa = PBXContainerItemProxy;
			containerPortal = DE831113259D2E8600B19F52 /* Project object */;
			proxyType = 1;
			remoteGlobalIDString = DE83111A259D2E8600B19F52;
			remoteInfo = Prework;
		};
/* End PBXContainerItemProxy section */

/* Begin PBXFileReference section */
		DE83111B259D2E8600B19F52 /* Prework.app */ = {isa = PBXFileReference; explicitFileType = wrapper.application; includeInIndex = 0; path = Prework.app; sourceTree = BUILT_PRODUCTS_DIR; };
		DE83111E259D2E8600B19F52 /* AppDelegate.swift */ = {isa = PBXFileReference; lastKnownFileType = sourcecode.swift; path = AppDelegate.swift; sourceTree = "<group>"; };
		DE831120259D2E8600B19F52 /* SceneDelegate.swift */ = {isa = PBXFileReference; lastKnownFileType = sourcecode.swift; path = SceneDelegate.swift; sourceTree = "<group>"; };
		DE831122259D2E8600B19F52 /* ViewController.swift */ = {isa = PBXFileReference; lastKnownFileType = sourcecode.swift; path = ViewController.swift; sourceTree = "<group>"; };
		DE831125259D2E8600B19F52 /* Base */ = {isa = PBXFileReference; lastKnownFileType = file.storyboard; name = Base; path = Base.lproj/Main.storyboard; sourceTree = "<group>"; };
		DE831127259D2E8A00B19F52 /* Assets.xcassets */ = {isa = PBXFileReference; lastKnownFileType = folder.assetcatalog; path = Assets.xcassets; sourceTree = "<group>"; };
		DE83112A259D2E8A00B19F52 /* Base */ = {isa = PBXFileReference; lastKnownFileType = file.storyboard; name = Base; path = Base.lproj/LaunchScreen.storyboard; sourceTree = "<group>"; };
		DE83112C259D2E8A00B19F52 /* Info.plist */ = {isa = PBXFileReference; lastKnownFileType = text.plist.xml; path = Info.plist; sourceTree = "<group>"; };
		DE831131259D2E8A00B19F52 /* PreworkTests.xctest */ = {isa = PBXFileReference; explicitFileType = wrapper.cfbundle; includeInIndex = 0; path = PreworkTests.xctest; sourceTree = BUILT_PRODUCTS_DIR; };
		DE831135259D2E8A00B19F52 /* PreworkTests.swift */ = {isa = PBXFileReference; lastKnownFileType = sourcecode.swift; path = PreworkTests.swift; sourceTree = "<group>"; };
		DE831137259D2E8A00B19F52 /* Info.plist */ = {isa = PBXFileReference; lastKnownFileType = text.plist.xml; path = Info.plist; sourceTree = "<group>"; };
		DE83113C259D2E8A00B19F52 /* PreworkUITests.xctest */ = {isa = PBXFileReference; explicitFileType = wrapper.cfbundle; includeInIndex = 0; path = PreworkUITests.xctest; sourceTree = BUILT_PRODUCTS_DIR; };
		DE831140259D2E8A00B19F52 /* PreworkUITests.swift */ = {isa = PBXFileReference; lastKnownFileType = sourcecode.swift; path = PreworkUITests.swift; sourceTree = "<group>"; };
		DE831142259D2E8A00B19F52 /* Info.plist */ = {isa = PBXFileReference; lastKnownFileType = text.plist.xml; path = Info.plist; sourceTree = "<group>"; };
/* End PBXFileReference section */

/* Begin PBXFrameworksBuildPhase section */
		DE831118259D2E8600B19F52 /* Frameworks */ = {
			isa = PBXFrameworksBuildPhase;
			buildActionMask = 2147483647;
			files = (
			);
			runOnlyForDeploymentPostprocessing = 0;
		};
		DE83112E259D2E8A00B19F52 /* Frameworks */ = {
			isa = PBXFrameworksBuildPhase;
			buildActionMask = 2147483647;
			files = (
			);
			runOnlyForDeploymentPostprocessing = 0;
		};
		DE831139259D2E8A00B19F52 /* Frameworks */ = {
			isa = PBXFrameworksBuildPhase;
			buildActionMask = 2147483647;
			files = (
			);
			runOnlyForDeploymentPostprocessing = 0;
		};
/* End PBXFrameworksBuildPhase section */

/* Begin PBXGroup section */
		DE831112259D2E8600B19F52 = {
			isa = PBXGroup;
			children = (
				DE83111D259D2E8600B19F52 /* Prework */,
				DE831134259D2E8A00B19F52 /* PreworkTests */,
				DE83113F259D2E8A00B19F52 /* PreworkUITests */,
				DE83111C259D2E8600B19F52 /* Products */,
			);
			sourceTree = "<group>";
		};
		DE83111C259D2E8600B19F52 /* Products */ = {
			isa = PBXGroup;
			children = (
				DE83111B259D2E8600B19F52 /* Prework.app */,
				DE831131259D2E8A00B19F52 /* PreworkTests.xctest */,
				DE83113C259D2E8A00B19F52 /* PreworkUITests.xctest */,
			);
			name = Products;
			sourceTree = "<group>";
		};
		DE83111D259D2E8600B19F52 /* Prework */ = {
			isa = PBXGroup;
			children = (
				DE83111E259D2E8600B19F52 /* AppDelegate.swift */,
				DE831120259D2E8600B19F52 /* SceneDelegate.swift */,
				DE831122259D2E8600B19F52 /* ViewController.swift */,
				DE831124259D2E8600B19F52 /* Main.storyboard */,
				DE831127259D2E8A00B19F52 /* Assets.xcassets */,
				DE831129259D2E8A00B19F52 /* LaunchScreen.storyboard */,
				DE83112C259D2E8A00B19F52 /* Info.plist */,
			);
			path = Prework;
			sourceTree = "<group>";
		};
		DE831134259D2E8A00B19F52 /* PreworkTests */ = {
			isa = PBXGroup;
			children = (
				DE831135259D2E8A00B19F52 /* PreworkTests.swift */,
				DE831137259D2E8A00B19F52 /* Info.plist */,
			);
			path = PreworkTests;
			sourceTree = "<group>";
		};
		DE83113F259D2E8A00B19F52 /* PreworkUITests */ = {
			isa = PBXGroup;
			children = (
				DE831140259D2E8A00B19F52 /* PreworkUITests.swift */,
				DE831142259D2E8A00B19F52 /* Info.plist */,
			);
			path = PreworkUITests;
			sourceTree = "<group>";
		};
/* End PBXGroup section */

/* Begin PBXNativeTarget section */
		DE83111A259D2E8600B19F52 /* Prework */ = {
			isa = PBXNativeTarget;
			buildConfigurationList = DE831145259D2E8A00B19F52 /* Build configuration list for PBXNativeTarget "Prework" */;
			buildPhases = (
				DE831117259D2E8600B19F52 /* Sources */,
				DE831118259D2E8600B19F52 /* Frameworks */,
				DE831119259D2E8600B19F52 /* Resources */,
			);
			buildRules = (
			);
			dependencies = (
			);
			name = Prework;
			productName = Prework;
			productReference = DE83111B259D2E8600B19F52 /* Prework.app */;
			productType = "com.apple.product-type.application";
		};
		DE831130259D2E8A00B19F52 /* PreworkTests */ = {
			isa = PBXNativeTarget;
			buildConfigurationList = DE831148259D2E8A00B19F52 /* Build configuration list for PBXNativeTarget "PreworkTests" */;
			buildPhases = (
				DE83112D259D2E8A00B19F52 /* Sources */,
				DE83112E259D2E8A00B19F52 /* Frameworks */,
				DE83112F259D2E8A00B19F52 /* Resources */,
			);
			buildRules = (
			);
			dependencies = (
				DE831133259D2E8A00B19F52 /* PBXTargetDependency */,
			);
			name = PreworkTests;
			productName = PreworkTests;
			productReference = DE831131259D2E8A00B19F52 /* PreworkTests.xctest */;
			productType = "com.apple.product-type.bundle.unit-test";
		};
		DE83113B259D2E8A00B19F52 /* PreworkUITests */ = {
			isa = PBXNativeTarget;
			buildConfigurationList = DE83114B259D2E8A00B19F52 /* Build configuration list for PBXNativeTarget "PreworkUITests" */;
			buildPhases = (
				DE831138259D2E8A00B19F52 /* Sources */,
				DE831139259D2E8A00B19F52 /* Frameworks */,
				DE83113A259D2E8A00B19F52 /* Resources */,
			);
			buildRules = (
			);
			dependencies = (
				DE83113E259D2E8A00B19F52 /* PBXTargetDependency */,
			);
			name = PreworkUITests;
			productName = PreworkUITests;
			productReference = DE83113C259D2E8A00B19F52 /* PreworkUITests.xctest */;
			productType = "com.apple.product-type.bundle.ui-testing";
		};
/* End PBXNativeTarget section */

/* Begin PBXProject section */
		DE831113259D2E8600B19F52 /* Project object */ = {
			isa = PBXProject;
			attributes = {
				LastSwiftUpdateCheck = 1170;
				LastUpgradeCheck = 1170;
				ORGANIZATIONNAME = CodePath;
				TargetAttributes = {
					DE83111A259D2E8600B19F52 = {
						CreatedOnToolsVersion = 11.7;
					};
					DE831130259D2E8A00B19F52 = {
						CreatedOnToolsVersion = 11.7;
						TestTargetID = DE83111A259D2E8600B19F52;
					};
					DE83113B259D2E8A00B19F52 = {
						CreatedOnToolsVersion = 11.7;
						TestTargetID = DE83111A259D2E8600B19F52;
					};
				};
			};
			buildConfigurationList = DE831116259D2E8600B19F52 /* Build configuration list for PBXProject "Prework" */;
			compatibilityVersion = "Xcode 9.3";
			developmentRegion = en;
			hasScannedForEncodings = 0;
			knownRegions = (
				en,
				Base,
			);
			mainGroup = DE831112259D2E8600B19F52;
			productRefGroup = DE83111C259D2E8600B19F52 /* Products */;
			projectDirPath = "";
			projectRoot = "";
			targets = (
				DE83111A259D2E8600B19F52 /* Prework */,
				DE831130259D2E8A00B19F52 /* PreworkTests */,
				DE83113B259D2E8A00B19F52 /* PreworkUITests */,
			);
		};
/* End PBXProject section */

/* Begin PBXResourcesBuildPhase section */
		DE831119259D2E8600B19F52 /* Resources */ = {
			isa = PBXResourcesBuildPhase;
			buildActionMask = 2147483647;
			files = (
				DE83112B259D2E8A00B19F52 /* LaunchScreen.storyboard in Resources */,
				DE831128259D2E8A00B19F52 /* Assets.xcassets in Resources */,
				DE831126259D2E8600B19F52 /* Main.storyboard in Resources */,
			);
			runOnlyForDeploymentPostprocessing = 0;
		};
		DE83112F259D2E8A00B19F52 /* Resources */ = {
			isa = PBXResourcesBuildPhase;
			buildActionMask = 2147483647;
			files = (
			);
			runOnlyForDeploymentPostprocessing = 0;
		};
		DE83113A259D2E8A00B19F52 /* Resources */ = {
			isa = PBXResourcesBuildPhase;
			buildActionMask = 2147483647;
			files = (
			);
			runOnlyForDeploymentPostprocessing = 0;
		};
/* End PBXResourcesBuildPhase section */

/* Begin PBXSourcesBuildPhase section */
		DE831117259D2E8600B19F52 /* Sources */ = {
			isa = PBXSourcesBuildPhase;
			buildActionMask = 2147483647;
			files = (
				DE831123259D2E8600B19F52 /* ViewController.swift in Sources */,
				DE83111F259D2E8600B19F52 /* AppDelegate.swift in Sources */,
				DE831121259D2E8600B19F52 /* SceneDelegate.swift in Sources */,
			);
			runOnlyForDeploymentPostprocessing = 0;
		};
		DE83112D259D2E8A00B19F52 /* Sources */ = {
			isa = PBXSourcesBuildPhase;
			buildActionMask = 2147483647;
			files = (
				DE831136259D2E8A00B19F52 /* PreworkTests.swift in Sources */,
			);
			runOnlyForDeploymentPostprocessing = 0;
		};
		DE831138259D2E8A00B19F52 /* Sources */ = {
			isa = PBXSourcesBuildPhase;
			buildActionMask = 2147483647;
			files = (
				DE831141259D2E8A00B19F52 /* PreworkUITests.swift in Sources */,
			);
			runOnlyForDeploymentPostprocessing = 0;
		};
/* End PBXSourcesBuildPhase section */

/* Begin PBXTargetDependency section */
		DE831133259D2E8A00B19F52 /* PBXTargetDependency */ = {
			isa = PBXTargetDependency;
			target = DE83111A259D2E8600B19F52 /* Prework */;
			targetProxy = DE831132259D2E8A00B19F52 /* PBXContainerItemProxy */;
		};
		DE83113E259D2E8A00B19F52 /* PBXTargetDependency */ = {
			isa = PBXTargetDependency;
			target = DE83111A259D2E8600B19F52 /* Prework */;
			targetProxy = DE83113D259D2E8A00B19F52 /* PBXContainerItemProxy */;
		};
/* End PBXTargetDependency section */

/* Begin PBXVariantGroup section */
		DE831124259D2E8600B19F52 /* Main.storyboard */ = {
			isa = PBXVariantGroup;
			children = (
				DE831125259D2E8600B19F52 /* Base */,
			);
			name = Main.storyboard;
			sourceTree = "<group>";
		};
		DE831129259D2E8A00B19F52 /* LaunchScreen.storyboard */ = {
			isa = PBXVariantGroup;
			children = (
				DE83112A259D2E8A00B19F52 /* Base */,
			);
			name = LaunchScreen.storyboard;
			sourceTree = "<group>";
		};
/* End PBXVariantGroup section */

/* Begin XCBuildConfiguration section */
		DE831143259D2E8A00B19F52 /* Debug */ = {
			isa = XCBuildConfiguration;
			buildSettings = {
				ALWAYS_SEARCH_USER_PATHS = NO;
				CLANG_ANALYZER_NONNULL = YES;
				CLANG_ANALYZER_NUMBER_OBJECT_CONVERSION = YES_AGGRESSIVE;
				CLANG_CXX_LANGUAGE_STANDARD = "gnu++14";
				CLANG_CXX_LIBRARY = "libc++";
				CLANG_ENABLE_MODULES = YES;
				CLANG_ENABLE_OBJC_ARC = YES;
				CLANG_ENABLE_OBJC_WEAK = YES;
				CLANG_WARN_BLOCK_CAPTURE_AUTORELEASING = YES;
				CLANG_WARN_BOOL_CONVERSION = YES;
				CLANG_WARN_COMMA = YES;
				CLANG_WARN_CONSTANT_CONVERSION = YES;
				CLANG_WARN_DEPRECATED_OBJC_IMPLEMENTATIONS = YES;
				CLANG_WARN_DIRECT_OBJC_ISA_USAGE = YES_ERROR;
				CLANG_WARN_DOCUMENTATION_COMMENTS = YES;
				CLANG_WARN_EMPTY_BODY = YES;
				CLANG_WARN_ENUM_CONVERSION = YES;
				CLANG_WARN_INFINITE_RECURSION = YES;
				CLANG_WARN_INT_CONVERSION = YES;
				CLANG_WARN_NON_LITERAL_NULL_CONVERSION = YES;
				CLANG_WARN_OBJC_IMPLICIT_RETAIN_SELF = YES;
				CLANG_WARN_OBJC_LITERAL_CONVERSION = YES;
				CLANG_WARN_OBJC_ROOT_CLASS = YES_ERROR;
				CLANG_WARN_RANGE_LOOP_ANALYSIS = YES;
				CLANG_WARN_STRICT_PROTOTYPES = YES;
				CLANG_WARN_SUSPICIOUS_MOVE = YES;
				CLANG_WARN_UNGUARDED_AVAILABILITY = YES_AGGRESSIVE;
				CLANG_WARN_UNREACHABLE_CODE = YES;
				CLANG_WARN__DUPLICATE_METHOD_MATCH = YES;
				COPY_PHASE_STRIP = NO;
				DEBUG_INFORMATION_FORMAT = dwarf;
				ENABLE_STRICT_OBJC_MSGSEND = YES;
				ENABLE_TESTABILITY = YES;
				GCC_C_LANGUAGE_STANDARD = gnu11;
				GCC_DYNAMIC_NO_PIC = NO;
				GCC_NO_COMMON_BLOCKS = YES;
				GCC_OPTIMIZATION_LEVEL = 0;
				GCC_PREPROCESSOR_DEFINITIONS = (
					"DEBUG=1",
					"$(inherited)",
				);
				GCC_WARN_64_TO_32_BIT_CONVERSION = YES;
				GCC_WARN_ABOUT_RETURN_TYPE = YES_ERROR;
				GCC_WARN_UNDECLARED_SELECTOR = YES;
				GCC_WARN_UNINITIALIZED_AUTOS = YES_AGGRESSIVE;
				GCC_WARN_UNUSED_FUNCTION = YES;
				GCC_WARN_UNUSED_VARIABLE = YES;
				IPHONEOS_DEPLOYMENT_TARGET = 13.7;
				MTL_ENABLE_DEBUG_INFO = INCLUDE_SOURCE;
				MTL_FAST_MATH = YES;
				ONLY_ACTIVE_ARCH = YES;
				SDKROOT = iphoneos;
				SWIFT_ACTIVE_COMPILATION_CONDITIONS = DEBUG;
				SWIFT_OPTIMIZATION_LEVEL = "-Onone";
			};
			name = Debug;
		};
		DE831144259D2E8A00B19F52 /* Release */ = {
			isa = XCBuildConfiguration;
			buildSettings = {
				ALWAYS_SEARCH_USER_PATHS = NO;
				CLANG_ANALYZER_NONNULL = YES;
				CLANG_ANALYZER_NUMBER_OBJECT_CONVERSION = YES_AGGRESSIVE;
				CLANG_CXX_LANGUAGE_STANDARD = "gnu++14";
				CLANG_CXX_LIBRARY = "libc++";
				CLANG_ENABLE_MODULES = YES;
				CLANG_ENABLE_OBJC_ARC = YES;
				CLANG_ENABLE_OBJC_WEAK = YES;
				CLANG_WARN_BLOCK_CAPTURE_AUTORELEASING = YES;
				CLANG_WARN_BOOL_CONVERSION = YES;
				CLANG_WARN_COMMA = YES;
				CLANG_WARN_CONSTANT_CONVERSION = YES;
				CLANG_WARN_DEPRECATED_OBJC_IMPLEMENTATIONS = YES;
				CLANG_WARN_DIRECT_OBJC_ISA_USAGE = YES_ERROR;
				CLANG_WARN_DOCUMENTATION_COMMENTS = YES;
				CLANG_WARN_EMPTY_BODY = YES;
				CLANG_WARN_ENUM_CONVERSION = YES;
				CLANG_WARN_INFINITE_RECURSION = YES;
				CLANG_WARN_INT_CONVERSION = YES;
				CLANG_WARN_NON_LITERAL_NULL_CONVERSION = YES;
				CLANG_WARN_OBJC_IMPLICIT_RETAIN_SELF = YES;
				CLANG_WARN_OBJC_LITERAL_CONVERSION = YES;
				CLANG_WARN_OBJC_ROOT_CLASS = YES_ERROR;
				CLANG_WARN_RANGE_LOOP_ANALYSIS = YES;
				CLANG_WARN_STRICT_PROTOTYPES = YES;
				CLANG_WARN_SUSPICIOUS_MOVE = YES;
				CLANG_WARN_UNGUARDED_AVAILABILITY = YES_AGGRESSIVE;
				CLANG_WARN_UNREACHABLE_CODE = YES;
				CLANG_WARN__DUPLICATE_METHOD_MATCH = YES;
				COPY_PHASE_STRIP = NO;
				DEBUG_INFORMATION_FORMAT = "dwarf-with-dsym";
				ENABLE_NS_ASSERTIONS = NO;
				ENABLE_STRICT_OBJC_MSGSEND = YES;
				GCC_C_LANGUAGE_STANDARD = gnu11;
				GCC_NO_COMMON_BLOCKS = YES;
				GCC_WARN_64_TO_32_BIT_CONVERSION = YES;
				GCC_WARN_ABOUT_RETURN_TYPE = YES_ERROR;
				GCC_WARN_UNDECLARED_SELECTOR = YES;
				GCC_WARN_UNINITIALIZED_AUTOS = YES_AGGRESSIVE;
				GCC_WARN_UNUSED_FUNCTION = YES;
				GCC_WARN_UNUSED_VARIABLE = YES;
				IPHONEOS_DEPLOYMENT_TARGET = 13.7;
				MTL_ENABLE_DEBUG_INFO = NO;
				MTL_FAST_MATH = YES;
				SDKROOT = iphoneos;
				SWIFT_COMPILATION_MODE = wholemodule;
				SWIFT_OPTIMIZATION_LEVEL = "-O";
				VALIDATE_PRODUCT = YES;
			};
			name = Release;
		};
		DE831146259D2E8A00B19F52 /* Debug */ = {
			isa = XCBuildConfiguration;
			buildSettings = {
				ASSETCATALOG_COMPILER_APPICON_NAME = AppIcon;
				CODE_SIGN_STYLE = Automatic;
				INFOPLIST_FILE = Prework/Info.plist;
				LD_RUNPATH_SEARCH_PATHS = (
					"$(inherited)",
					"@executable_path/Frameworks",
				);
				PRODUCT_BUNDLE_IDENTIFIER = CodePath.Prework;
				PRODUCT_NAME = "$(TARGET_NAME)";
				SWIFT_VERSION = 5.0;
				TARGETED_DEVICE_FAMILY = "1,2";
			};
			name = Debug;
		};
		DE831147259D2E8A00B19F52 /* Release */ = {
			isa = XCBuildConfiguration;
			buildSettings = {
				ASSETCATALOG_COMPILER_APPICON_NAME = AppIcon;
				CODE_SIGN_STYLE = Automatic;
				INFOPLIST_FILE = Prework/Info.plist;
				LD_RUNPATH_SEARCH_PATHS = (
					"$(inherited)",
					"@executable_path/Frameworks",
				);
				PRODUCT_BUNDLE_IDENTIFIER = CodePath.Prework;
				PRODUCT_NAME = "$(TARGET_NAME)";
				SWIFT_VERSION = 5.0;
				TARGETED_DEVICE_FAMILY = "1,2";
			};
			name = Release;
		};
		DE831149259D2E8A00B19F52 /* Debug */ = {
			isa = XCBuildConfiguration;
			buildSettings = {
				ALWAYS_EMBED_SWIFT_STANDARD_LIBRARIES = YES;
				BUNDLE_LOADER = "$(TEST_HOST)";
				CODE_SIGN_STYLE = Automatic;
				INFOPLIST_FILE = PreworkTests/Info.plist;
				IPHONEOS_DEPLOYMENT_TARGET = 13.7;
				LD_RUNPATH_SEARCH_PATHS = (
					"$(inherited)",
					"@executable_path/Frameworks",
					"@loader_path/Frameworks",
				);
				PRODUCT_BUNDLE_IDENTIFIER = CodePath.PreworkTests;
				PRODUCT_NAME = "$(TARGET_NAME)";
				SWIFT_VERSION = 5.0;
				TARGETED_DEVICE_FAMILY = "1,2";
				TEST_HOST = "$(BUILT_PRODUCTS_DIR)/Prework.app/Prework";
			};
			name = Debug;
		};
		DE83114A259D2E8A00B19F52 /* Release */ = {
			isa = XCBuildConfiguration;
			buildSettings = {
				ALWAYS_EMBED_SWIFT_STANDARD_LIBRARIES = YES;
				BUNDLE_LOADER = "$(TEST_HOST)";
				CODE_SIGN_STYLE = Automatic;
				INFOPLIST_FILE = PreworkTests/Info.plist;
				IPHONEOS_DEPLOYMENT_TARGET = 13.7;
				LD_RUNPATH_SEARCH_PATHS = (
					"$(inherited)",
					"@executable_path/Frameworks",
					"@loader_path/Frameworks",
				);
				PRODUCT_BUNDLE_IDENTIFIER = CodePath.PreworkTests;
				PRODUCT_NAME = "$(TARGET_NAME)";
				SWIFT_VERSION = 5.0;
				TARGETED_DEVICE_FAMILY = "1,2";
				TEST_HOST = "$(BUILT_PRODUCTS_DIR)/Prework.app/Prework";
			};
			name = Release;
		};
		DE83114C259D2E8A00B19F52 /* Debug */ = {
			isa = XCBuildConfiguration;
			buildSettings = {
				ALWAYS_EMBED_SWIFT_STANDARD_LIBRARIES = YES;
				CODE_SIGN_STYLE = Automatic;
				INFOPLIST_FILE = PreworkUITests/Info.plist;
				LD_RUNPATH_SEARCH_PATHS = (
					"$(inherited)",
					"@executable_path/Frameworks",
					"@loader_path/Frameworks",
				);
				PRODUCT_BUNDLE_IDENTIFIER = CodePath.PreworkUITests;
				PRODUCT_NAME = "$(TARGET_NAME)";
				SWIFT_VERSION = 5.0;
				TARGETED_DEVICE_FAMILY = "1,2";
				TEST_TARGET_NAME = Prework;
			};
			name = Debug;
		};
		DE83114D259D2E8A00B19F52 /* Release */ = {
			isa = XCBuildConfiguration;
			buildSettings = {
				ALWAYS_EMBED_SWIFT_STANDARD_LIBRARIES = YES;
				CODE_SIGN_STYLE = Automatic;
				INFOPLIST_FILE = PreworkUITests/Info.plist;
				LD_RUNPATH_SEARCH_PATHS = (
					"$(inherited)",
					"@executable_path/Frameworks",
					"@loader_path/Frameworks",
				);
				PRODUCT_BUNDLE_IDENTIFIER = CodePath.PreworkUITests;
				PRODUCT_NAME = "$(TARGET_NAME)";
				SWIFT_VERSION = 5.0;
				TARGETED_DEVICE_FAMILY = "1,2";
				TEST_TARGET_NAME = Prework;
			};
			name = Release;
		};
/* End XCBuildConfiguration section */

/* Begin XCConfigurationList section */
		DE831116259D2E8600B19F52 /* Build configuration list for PBXProject "Prework" */ = {
			isa = XCConfigurationList;
			buildConfigurations = (
				DE831143259D2E8A00B19F52 /* Debug */,
				DE831144259D2E8A00B19F52 /* Release */,
			);
			defaultConfigurationIsVisible = 0;
			defaultConfigurationName = Release;
		};
		DE831145259D2E8A00B19F52 /* Build configuration list for PBXNativeTarget "Prework" */ = {
			isa = XCConfigurationList;
			buildConfigurations = (
				DE831146259D2E8A00B19F52 /* Debug */,
				DE831147259D2E8A00B19F52 /* Release */,
			);
			defaultConfigurationIsVisible = 0;
			defaultConfigurationName = Release;
		};
		DE831148259D2E8A00B19F52 /* Build configuration list for PBXNativeTarget "PreworkTests" */ = {
			isa = XCConfigurationList;
			buildConfigurations = (
				DE831149259D2E8A00B19F52 /* Debug */,
				DE83114A259D2E8A00B19F52 /* Release */,
			);
			defaultConfigurationIsVisible = 0;
			defaultConfigurationName = Release;
		};
		DE83114B259D2E8A00B19F52 /* Build configuration list for PBXNativeTarget "PreworkUITests" */ = {
			isa = XCConfigurationList;
			buildConfigurations = (
				DE83114C259D2E8A00B19F52 /* Debug */,
				DE83114D259D2E8A00B19F52 /* Release */,
			);
			defaultConfigurationIsVisible = 0;
			defaultConfigurationName = Release;
		};
/* End XCConfigurationList section */
	};
	rootObject = DE831113259D2E8600B19F52 /* Project object */;
}
